
Microsoft Visual Studio Solution File, Format Version 12.00
# Visual Studio Version 16
VisualStudioVersion = 16.0.29609.76
MinimumVisualStudioVersion = 10.0.40219.1
Project("{FAE04EC0-301F-11D3-BF4B-00C04F79EFBC}") = "VolantUygulama", "VolantUygulama\VolantUygulama.csproj", "{C3E25F5E-40B5-43AA-98A3-6A8C25BAA637}"
EndProject
Global
	GlobalSection(SolutionConfigurationPlatforms) = preSolution
		Debug|Any CPU = Debug|Any CPU
		Release|Any CPU = Release|Any CPU
	EndGlobalSection
	GlobalSection(ProjectConfigurationPlatforms) = postSolution
		{C3E25F5E-40B5-43AA-98A3-6A8C25BAA637}.Debug|Any CPU.ActiveCfg = Debug|Any CPU
		{C3E25F5E-40B5-43AA-98A3-6A8C25BAA637}.Debug|Any CPU.Build.0 = Debug|Any CPU
		{C3E25F5E-40B5-43AA-98A3-6A8C25BAA637}.Release|Any CPU.ActiveCfg = Release|Any CPU
		{C3E25F5E-40B5-43AA-98A3-6A8C25BAA637}.Release|Any CPU.Build.0 = Release|Any CPU
	EndGlobalSection
	GlobalSection(SolutionProperties) = preSolution
		HideSolutionNode = FALSE
	EndGlobalSection
	GlobalSection(ExtensibilityGlobals) = postSolution
		SolutionGuid = {C199CA94-84C0-46F3-837A-B0E71030FEDE}
	EndGlobalSection
EndGlobal
